
Microsoft Visual Studio Solution File, Format Version 12.00
# Visual Studio Version 17
VisualStudioVersion = 17.10.35122.118
MinimumVisualStudioVersion = 10.0.40219.1
Project("{FAE04EC0-301F-11D3-BF4B-00C04F79EFBC}") = "Frms", "teste\Frms.csproj", "{C8BBA708-7798-4575-95FC-04AFD63E4EE7}"
EndProject
Project("{FAE04EC0-301F-11D3-BF4B-00C04F79EFBC}") = "MOD", "MOD\MOD.csproj", "{06F31878-7723-4DC0-8AEE-DB9D2C06CC63}"
EndProject
Project("{FAE04EC0-301F-11D3-BF4B-00C04F79EFBC}") = "DAL", "DAL\DAL.csproj", "{613662DD-5726-49E0-9B22-8E277C50C931}"
EndProject
Project("{FAE04EC0-301F-11D3-BF4B-00C04F79EFBC}") = "BLL", "BLL\BLL.csproj", "{CCD692C8-04AE-4C6E-B584-C77F8B78CBB8}"
EndProject
Global
	GlobalSection(SolutionConfigurationPlatforms) = preSolution
		Debug|Any CPU = Debug|Any CPU
		Release|Any CPU = Release|Any CPU
	EndGlobalSection
	GlobalSection(ProjectConfigurationPlatforms) = postSolution
		{C8BBA708-7798-4575-95FC-04AFD63E4EE7}.Debug|Any CPU.ActiveCfg = Debug|Any CPU
		{C8BBA708-7798-4575-95FC-04AFD63E4EE7}.Debug|Any CPU.Build.0 = Debug|Any CPU
		{C8BBA708-7798-4575-95FC-04AFD63E4EE7}.Release|Any CPU.ActiveCfg = Release|Any CPU
		{C8BBA708-7798-4575-95FC-04AFD63E4EE7}.Release|Any CPU.Build.0 = Release|Any CPU
		{06F31878-7723-4DC0-8AEE-DB9D2C06CC63}.Debug|Any CPU.ActiveCfg = Debug|Any CPU
		{06F31878-7723-4DC0-8AEE-DB9D2C06CC63}.Debug|Any CPU.Build.0 = Debug|Any CPU
		{06F31878-7723-4DC0-8AEE-DB9D2C06CC63}.Release|Any CPU.ActiveCfg = Release|Any CPU
		{06F31878-7723-4DC0-8AEE-DB9D2C06CC63}.Release|Any CPU.Build.0 = Release|Any CPU
		{613662DD-5726-49E0-9B22-8E277C50C931}.Debug|Any CPU.ActiveCfg = Debug|Any CPU
		{613662DD-5726-49E0-9B22-8E277C50C931}.Debug|Any CPU.Build.0 = Debug|Any CPU
		{613662DD-5726-49E0-9B22-8E277C50C931}.Release|Any CPU.ActiveCfg = Release|Any CPU
		{613662DD-5726-49E0-9B22-8E277C50C931}.Release|Any CPU.Build.0 = Release|Any CPU
		{CCD692C8-04AE-4C6E-B584-C77F8B78CBB8}.Debug|Any CPU.ActiveCfg = Debug|Any CPU
		{CCD692C8-04AE-4C6E-B584-C77F8B78CBB8}.Debug|Any CPU.Build.0 = Debug|Any CPU
		{CCD692C8-04AE-4C6E-B584-C77F8B78CBB8}.Release|Any CPU.ActiveCfg = Release|Any CPU
		{CCD692C8-04AE-4C6E-B584-C77F8B78CBB8}.Release|Any CPU.Build.0 = Release|Any CPU
	EndGlobalSection
	GlobalSection(SolutionProperties) = preSolution
		HideSolutionNode = FALSE
	EndGlobalSection
	GlobalSection(ExtensibilityGlobals) = postSolution
		SolutionGuid = {08111762-74A0-4242-A7BF-4318A00F2667}
	EndGlobalSection
EndGlobal
